<?xml version="1.0" encoding="utf-8"?>
<Project ToolsVersion="4.0" xmlns="http://schemas.microsoft.com/developer/msbuild/2003">
  <ItemGroup>
    <Filter Include="Source Files">
      <UniqueIdentifier>{4FC737F1-C7A5-4376-A066-2A32D752A2FF}</UniqueIdentifier>
      <Extensions>cpp;c;cc;cxx;def;odl;idl;hpj;bat;asm;asmx</Extensions>
    </Filter>
    <Filter Include="Header Files">
      <UniqueIdentifier>{93995380-89BD-4b04-88EB-625FBE52EBFB}</UniqueIdentifier>
      <Extensions>h;hpp;hxx;hm;inl;inc;xsd</Extensions>
    </Filter>
    <Filter Include="Resource Files">
      <UniqueIdentifier>{67DA6AB6-F800-4c08-8B7A-83BB121AAD01}</UniqueIdentifier>
      <Extensions>rc;ico;cur;bmp;dlg;rc2;rct;bin;rgs;gif;jpg;jpeg;jpe;resx;tiff;tif;png;wav</Extensions>
    </Filter>
    <Filter Include="Scripts">
      <UniqueIdentifier>{2d4710b5-8479-460f-9191-a979f2f0884d}</UniqueIdentifier>
    </Filter>
    <Filter Include="XML">
      <UniqueIdentifier>{582ad4ec-2022-4b82-bb37-74eeac449897}</UniqueIdentifier>
    </Filter>
    <Filter Include="Source Files\Game">
      <UniqueIdentifier>{337dcd49-8687-4a26-b9f7-04c68c63f634}</UniqueIdentifier>
    </Filter>
    <Filter Include="Header Files\Game">
      <UniqueIdentifier>{de66f1c1-9105-4065-bc62-ee9cb77714ea}</UniqueIdentifier>
    </Filter>
    <Filter Include="Shaders">
      <UniqueIdentifier>{100a1ce2-7f2f-4b15-8817-ae32c3b81cbd}</UniqueIdentifier>
    </Filter>
    <Filter Include="TXT">
      <UniqueIdentifier>{9660cb71-b8e2-4b71-9c17-170d7118e3a5}</UniqueIdentifier>
    </Filter>
  </ItemGroup>
  <ItemGroup>
    <ClCompile Include="..\..\src\Main.cpp">
      <Filter>Source Files</Filter>
    </ClCompile>
    <ClCompile Include="..\..\src\stdafx.cpp">
      <Filter>Header Files</Filter>
    </ClCompile>
    <ClCompile Include="..\..\src\Game\Scene.cpp">
      <Filter>Source Files\Game</Filter>
    </ClCompile>
    <ClCompile Include="..\..\src\GameAppDelegate.cpp">
      <Filter>Source Files</Filter>
    </ClCompile>
    <ClCompile Include="..\..\src\Game\Object.cpp">
      <Filter>Source Files\Game</Filter>
    </ClCompile>
    <ClCompile Include="..\..\src\Game\View.cpp">
      <Filter>Source Files\Game</Filter>
    </ClCompile>
    <ClCompile Include="..\..\src\Game\Material.cpp">
      <Filter>Source Files\Game</Filter>
    </ClCompile>
    <ClCompile Include="..\..\src\Game\Processor.cpp">
      <Filter>Source Files\Game</Filter>
    </ClCompile>
    <ClCompile Include="..\..\src\Game\Collider.cpp">
      <Filter>Source Files\Game</Filter>
    </ClCompile>
    <ClCompile Include="..\..\src\Game\StageScene.cpp">
      <Filter>Source Files\Game</Filter>
    </ClCompile>
    <ClCompile Include="..\..\src\Game\Target.cpp">
      <Filter>Source Files\Game</Filter>
    </ClCompile>
    <ClCompile Include="..\..\src\Game\TargetSpawner.cpp">
      <Filter>Source Files\Game</Filter>
    </ClCompile>
    <ClCompile Include="..\..\src\Game\PhysicProcessor.cpp">
      <Filter>Source Files\Game</Filter>
    </ClCompile>
    <ClCompile Include="..\..\src\Game\BoxCollider.cpp">
      <Filter>Source Files\Game</Filter>
    </ClCompile>
    <ClCompile Include="..\..\src\Game\CircleCollider.cpp">
      <Filter>Source Files\Game</Filter>
    </ClCompile>
    <ClCompile Include="..\..\src\Game\Gun.cpp">
      <Filter>Source Files\Game</Filter>
    </ClCompile>
    <ClCompile Include="..\..\src\Game\Constants.cpp">
      <Filter>Source Files\Game</Filter>
    </ClCompile>
    <ClCompile Include="..\..\src\Game\Bullet.cpp">
      <Filter>Source Files\Game</Filter>
    </ClCompile>
    <ClCompile Include="..\..\src\Game\UpdateProcessor.cpp">
      <Filter>Source Files\Game</Filter>
    </ClCompile>
    <ClCompile Include="..\..\src\Game\SignalProcessor.cpp">
      <Filter>Source Files\Game</Filter>
    </ClCompile>
    <ClCompile Include="..\..\src\Game\SceneLayerMessageFunction.cpp">
      <Filter>Source Files\Game</Filter>
    </ClCompile>
    <ClCompile Include="..\..\src\Game\StageTimeCountdown.cpp">
      <Filter>Source Files\Game</Filter>
    </ClCompile>
    <ClCompile Include="..\..\src\Game\StageInfoText.cpp">
      <Filter>Source Files\Game</Filter>
    </ClCompile>
    <ClCompile Include="..\..\src\Game\IntroScene.cpp">
      <Filter>Source Files\Game</Filter>
    </ClCompile>
    <ClCompile Include="..\..\src\Game\IntroAnimator.cpp">
      <Filter>Source Files\Game</Filter>
    </ClCompile>
    <ClCompile Include="..\..\src\Game\Signal.cpp">
      <Filter>Source Files\Game</Filter>
    </ClCompile>
    <ClCompile Include="..\..\src\Game\MatchPoints.cpp">
      <Filter>Source Files\Game</Filter>
    </ClCompile>
    <ClCompile Include="..\..\src\Game\DuckTarget.cpp">
      <Filter>Source Files\Game</Filter>
    </ClCompile>
    <ClCompile Include="..\..\src\Game\EggBomb.cpp">
      <Filter>Source Files\Game</Filter>
    </ClCompile>
    <ClCompile Include="..\..\src\Game\FishTarget.cpp">
      <Filter>Source Files\Game</Filter>
    </ClCompile>
    <ClCompile Include="..\..\src\Game\AnchovyTarget.cpp">
      <Filter>Source Files\Game</Filter>
    </ClCompile>
  </ItemGroup>
  <ItemGroup>
    <ClInclude Include="..\..\src\stdafx.h">
      <Filter>Header Files</Filter>
    </ClInclude>
    <ClInclude Include="..\..\src\GameAppDelegate.h">
      <Filter>Source Files</Filter>
    </ClInclude>
    <ClInclude Include="..\..\src\include\Game\Object.h">
      <Filter>Header Files\Game</Filter>
    </ClInclude>
    <ClInclude Include="..\..\src\include\Game\Scene.h">
      <Filter>Header Files\Game</Filter>
    </ClInclude>
    <ClInclude Include="..\..\src\include\Game\View.h">
      <Filter>Header Files\Game</Filter>
    </ClInclude>
    <ClInclude Include="..\..\src\include\Game\Material.h">
      <Filter>Header Files\Game</Filter>
    </ClInclude>
    <ClInclude Include="..\..\src\include\Game\Processor.h">
      <Filter>Header Files\Game</Filter>
    </ClInclude>
    <ClInclude Include="..\..\src\include\Game\Collider.h">
      <Filter>Header Files\Game</Filter>
    </ClInclude>
    <ClInclude Include="..\..\src\include\Game\StageScene.h">
      <Filter>Header Files\Game</Filter>
    </ClInclude>
    <ClInclude Include="..\..\src\include\Game\Target.h">
      <Filter>Header Files\Game</Filter>
    </ClInclude>
    <ClInclude Include="..\..\src\include\Game\TargetSpawner.h">
      <Filter>Header Files\Game</Filter>
    </ClInclude>
    <ClInclude Include="..\..\src\include\Game\PhysicProcessor.h">
      <Filter>Header Files\Game</Filter>
    </ClInclude>
    <ClInclude Include="..\..\src\include\Game\BoxCollider.h">
      <Filter>Header Files\Game</Filter>
    </ClInclude>
    <ClInclude Include="..\..\src\include\Game\CircleCollider.h">
      <Filter>Header Files\Game</Filter>
    </ClInclude>
    <ClInclude Include="..\..\src\include\Game\Gun.h">
      <Filter>Header Files\Game</Filter>
    </ClInclude>
    <ClInclude Include="..\..\src\include\Game\Constants.h">
      <Filter>Header Files\Game</Filter>
    </ClInclude>
    <ClInclude Include="..\..\src\include\Game\Bullet.h">
      <Filter>Header Files\Game</Filter>
    </ClInclude>
    <ClInclude Include="..\..\src\include\Game\UpdateProcessor.h">
      <Filter>Header Files\Game</Filter>
    </ClInclude>
    <ClInclude Include="..\..\src\include\Game\SignalProcessor.h">
      <Filter>Header Files\Game</Filter>
    </ClInclude>
    <ClInclude Include="..\..\src\include\Game\SceneLayerMessageFunction.h">
      <Filter>Header Files\Game</Filter>
    </ClInclude>
    <ClInclude Include="..\..\src\include\Game\StageTimeCountdown.h">
      <Filter>Header Files\Game</Filter>
    </ClInclude>
    <ClInclude Include="..\..\src\include\Game\StageInfoText.h">
      <Filter>Header Files\Game</Filter>
    </ClInclude>
    <ClInclude Include="..\..\src\include\Game\IntroScene.h">
      <Filter>Header Files\Game</Filter>
    </ClInclude>
    <ClInclude Include="..\..\src\include\Game\IntroAnimator.h">
      <Filter>Header Files\Game</Filter>
    </ClInclude>
    <ClInclude Include="..\..\src\include\Game\Signal.h">
      <Filter>Header Files\Game</Filter>
    </ClInclude>
    <ClInclude Include="..\..\src\include\Game\MatchPoints.h">
      <Filter>Header Files\Game</Filter>
    </ClInclude>
    <ClInclude Include="..\..\src\include\Game\DuckTarget.h">
      <Filter>Header Files\Game</Filter>
    </ClInclude>
    <ClInclude Include="..\..\src\include\Game\EggBomb.h">
      <Filter>Header Files\Game</Filter>
    </ClInclude>
    <ClInclude Include="..\..\src\include\Game\FishTarget.h">
      <Filter>Header Files\Game</Filter>
    </ClInclude>
    <ClInclude Include="..\..\src\include\Game\AnchovyTarget.h">
      <Filter>Header Files\Game</Filter>
    </ClInclude>
  </ItemGroup>
  <ItemGroup>
    <Xml Include="..\..\bin\base_p\Layers.xml">
      <Filter>XML</Filter>
    </Xml>
    <Xml Include="..\..\bin\base_p\Resources.xml">
      <Filter>XML</Filter>
    </Xml>
  </ItemGroup>
  <ItemGroup>
    <None Include="..\..\bin\base_p\start.lua">
      <Filter>Scripts</Filter>
    </None>
    <None Include="..\..\bin\base_p\shaders\hl.fsh">
      <Filter>Shaders</Filter>
    </None>
    <None Include="..\..\bin\base_p\shaders\hl.vsh">
      <Filter>Shaders</Filter>
    </None>
  </ItemGroup>
  <ItemGroup>
    <ResourceCompile Include="resource.rc">
      <Filter>Resource Files</Filter>
    </ResourceCompile>
  </ItemGroup>
  <ItemGroup>
    <Text Include="..\..\bin\base_p\input.txt">
      <Filter>TXT</Filter>
    </Text>
  </ItemGroup>
</Project>